// !$*UTF8*$!
{
	archiveVersion = 1;
	classes = {
	};
	objectVersion = 50;
	objects = {

/* Begin PBXBuildFile section */
		205704AB278CD99B00B8F00E /* AppDelegate.swift in Sources */ = {isa = PBXBuildFile; fileRef = 205704AA278CD99B00B8F00E /* AppDelegate.swift */; };
		205704AD278CD99B00B8F00E /* ViewController.swift in Sources */ = {isa = PBXBuildFile; fileRef = 205704AC278CD99B00B8F00E /* ViewController.swift */; };
		205704AF278CD99E00B8F00E /* Assets.xcassets in Resources */ = {isa = PBXBuildFile; fileRef = 205704AE278CD99E00B8F00E /* Assets.xcassets */; };
		205704B2278CD99E00B8F00E /* Main.storyboard in Resources */ = {isa = PBXBuildFile; fileRef = 205704B0278CD99E00B8F00E /* Main.storyboard */; };
		205704BE278CD99E00B8F00E /* TestProjectTests.swift in Sources */ = {isa = PBXBuildFile; fileRef = 205704BD278CD99E00B8F00E /* TestProjectTests.swift */; };
		205704C9278CD99E00B8F00E /* TestProjectUITests.swift in Sources */ = {isa = PBXBuildFile; fileRef = 205704C8278CD99E00B8F00E /* TestProjectUITests.swift */; };
/* End PBXBuildFile section */

/* Begin PBXContainerItemProxy section */
		205704BA278CD99E00B8F00E /* PBXContainerItemProxy */ = {
			isa = PBXContainerItemProxy;
			containerPortal = 2057049F278CD99B00B8F00E /* Project object */;
			proxyType = 1;
			remoteGlobalIDString = 205704A6278CD99B00B8F00E;
			remoteInfo = TestProject;
		};
		205704C5278CD99E00B8F00E /* PBXContainerItemProxy */ = {
			isa = PBXContainerItemProxy;
			containerPortal = 2057049F278CD99B00B8F00E /* Project object */;
			proxyType = 1;
			remoteGlobalIDString = 205704A6278CD99B00B8F00E;
			remoteInfo = TestProject;
		};
/* End PBXContainerItemProxy section */

/* Begin PBXFileReference section */
		205704A7278CD99B00B8F00E /* TestProject.app */ = {isa = PBXFileReference; explicitFileType = wrapper.application; includeInIndex = 0; path = TestProject.app; sourceTree = BUILT_PRODUCTS_DIR; };
		205704AA278CD99B00B8F00E /* AppDelegate.swift */ = {isa = PBXFileReference; lastKnownFileType = sourcecode.swift; path = AppDelegate.swift; sourceTree = "<group>"; };
		205704AC278CD99B00B8F00E /* ViewController.swift */ = {isa = PBXFileReference; lastKnownFileType = sourcecode.swift; path = ViewController.swift; sourceTree = "<group>"; };
		205704AE278CD99E00B8F00E /* Assets.xcassets */ = {isa = PBXFileReference; lastKnownFileType = folder.assetcatalog; path = Assets.xcassets; sourceTree = "<group>"; };
		205704B1278CD99E00B8F00E /* Base */ = {isa = PBXFileReference; lastKnownFileType = file.storyboard; name = Base; path = Base.lproj/Main.storyboard; sourceTree = "<group>"; };
		205704B3278CD99E00B8F00E /* Info.plist */ = {isa = PBXFileReference; lastKnownFileType = text.plist.xml; path = Info.plist; sourceTree = "<group>"; };
		205704B4278CD99E00B8F00E /* TestProject.entitlements */ = {isa = PBXFileReference; lastKnownFileType = text.plist.entitlements; path = TestProject.entitlements; sourceTree = "<group>"; };
		205704B9278CD99E00B8F00E /* TestProjectTests.xctest */ = {isa = PBXFileReference; explicitFileType = wrapper.cfbundle; includeInIndex = 0; path = TestProjectTests.xctest; sourceTree = BUILT_PRODUCTS_DIR; };
		205704BD278CD99E00B8F00E /* TestProjectTests.swift */ = {isa = PBXFileReference; lastKnownFileType = sourcecode.swift; path = TestProjectTests.swift; sourceTree = "<group>"; };
		205704BF278CD99E00B8F00E /* Info.plist */ = {isa = PBXFileReference; lastKnownFileType = text.plist.xml; path = Info.plist; sourceTree = "<group>"; };
		205704C4278CD99E00B8F00E /* TestProjectUITests.xctest */ = {isa = PBXFileReference; explicitFileType = wrapper.cfbundle; includeInIndex = 0; path = TestProjectUITests.xctest; sourceTree = BUILT_PRODUCTS_DIR; };
		205704C8278CD99E00B8F00E /* TestProjectUITests.swift */ = {isa = PBXFileReference; lastKnownFileType = sourcecode.swift; path = TestProjectUITests.swift; sourceTree = "<group>"; };
		205704CA278CD99E00B8F00E /* Info.plist */ = {isa = PBXFileReference; lastKnownFileType = text.plist.xml; path = Info.plist; sourceTree = "<group>"; };
/* End PBXFileReference section */

/* Begin PBXFrameworksBuildPhase section */
		205704A4278CD99B00B8F00E /* Frameworks */ = {
			isa = PBXFrameworksBuildPhase;
			buildActionMask = 2147483647;
			files = (
			);
			runOnlyForDeploymentPostprocessing = 0;
		};
		205704B6278CD99E00B8F00E /* Frameworks */ = {
			isa = PBXFrameworksBuildPhase;
			buildActionMask = 2147483647;
			files = (
			);
			runOnlyForDeploymentPostprocessing = 0;
		};
		205704C1278CD99E00B8F00E /* Frameworks */ = {
			isa = PBXFrameworksBuildPhase;
			buildActionMask = 2147483647;
			files = (
			);
			runOnlyForDeploymentPostprocessing = 0;
		};
/* End PBXFrameworksBuildPhase section */

/* Begin PBXGroup section */
		2057049E278CD99B00B8F00E = {
			isa = PBXGroup;
			children = (
				205704A9278CD99B00B8F00E /* TestProject */,
				205704BC278CD99E00B8F00E /* TestProjectTests */,
				205704C7278CD99E00B8F00E /* TestProjectUITests */,
				205704A8278CD99B00B8F00E /* Products */,
			);
			sourceTree = "<group>";
		};
		205704A8278CD99B00B8F00E /* Products */ = {
			isa = PBXGroup;
			children = (
				205704A7278CD99B00B8F00E /* TestProject.app */,
				205704B9278CD99E00B8F00E /* TestProjectTests.xctest */,
				205704C4278CD99E00B8F00E /* TestProjectUITests.xctest */,
			);
			name = Products;
			sourceTree = "<group>";
		};
		205704A9278CD99B00B8F00E /* TestProject */ = {
			isa = PBXGroup;
			children = (
				205704AA278CD99B00B8F00E /* AppDelegate.swift */,
				205704AC278CD99B00B8F00E /* ViewController.swift */,
				205704AE278CD99E00B8F00E /* Assets.xcassets */,
				205704B0278CD99E00B8F00E /* Main.storyboard */,
				205704B3278CD99E00B8F00E /* Info.plist */,
				205704B4278CD99E00B8F00E /* TestProject.entitlements */,
			);
			path = TestProject;
			sourceTree = "<group>";
		};
		205704BC278CD99E00B8F00E /* TestProjectTests */ = {
			isa = PBXGroup;
			children = (
				205704BD278CD99E00B8F00E /* TestProjectTests.swift */,
				205704BF278CD99E00B8F00E /* Info.plist */,
			);
			path = TestProjectTests;
			sourceTree = "<group>";
		};
		205704C7278CD99E00B8F00E /* TestProjectUITests */ = {
			isa = PBXGroup;
			children = (
				205704C8278CD99E00B8F00E /* TestProjectUITests.swift */,
				205704CA278CD99E00B8F00E /* Info.plist */,
			);
			path = TestProjectUITests;
			sourceTree = "<group>";
		};
/* End PBXGroup section */

/* Begin PBXNativeTarget section */
		205704A6278CD99B00B8F00E /* TestProject */ = {
			isa = PBXNativeTarget;
			buildConfigurationList = 205704CD278CD99E00B8F00E /* Build configuration list for PBXNativeTarget "TestProject" */;
			buildPhases = (
				205704A3278CD99B00B8F00E /* Sources */,
				205704A4278CD99B00B8F00E /* Frameworks */,
				205704A5278CD99B00B8F00E /* Resources */,
			);
			buildRules = (
			);
			dependencies = (
			);
			name = TestProject;
			productName = TestProject;
			productReference = 205704A7278CD99B00B8F00E /* TestProject.app */;
			productType = "com.apple.product-type.application";
		};
		205704B8278CD99E00B8F00E /* TestProjectTests */ = {
			isa = PBXNativeTarget;
			buildConfigurationList = 205704D0278CD99E00B8F00E /* Build configuration list for PBXNativeTarget "TestProjectTests" */;
			buildPhases = (
				205704B5278CD99E00B8F00E /* Sources */,
				205704B6278CD99E00B8F00E /* Frameworks */,
				205704B7278CD99E00B8F00E /* Resources */,
			);
			buildRules = (
			);
			dependencies = (
				205704BB278CD99E00B8F00E /* PBXTargetDependency */,
			);
			name = TestProjectTests;
			productName = TestProjectTests;
			productReference = 205704B9278CD99E00B8F00E /* TestProjectTests.xctest */;
			productType = "com.apple.product-type.bundle.unit-test";
		};
		205704C3278CD99E00B8F00E /* TestProjectUITests */ = {
			isa = PBXNativeTarget;
			buildConfigurationList = 205704D3278CD99E00B8F00E /* Build configuration list for PBXNativeTarget "TestProjectUITests" */;
			buildPhases = (
				205704C0278CD99E00B8F00E /* Sources */,
				205704C1278CD99E00B8F00E /* Frameworks */,
				205704C2278CD99E00B8F00E /* Resources */,
			);
			buildRules = (
			);
			dependencies = (
				205704C6278CD99E00B8F00E /* PBXTargetDependency */,
			);
			name = TestProjectUITests;
			productName = TestProjectUITests;
			productReference = 205704C4278CD99E00B8F00E /* TestProjectUITests.xctest */;
			productType = "com.apple.product-type.bundle.ui-testing";
		};
/* End PBXNativeTarget section */

/* Begin PBXProject section */
		2057049F278CD99B00B8F00E /* Project object */ = {
			isa = PBXProject;
			attributes = {
				LastSwiftUpdateCheck = 1240;
				LastUpgradeCheck = 1240;
				TargetAttributes = {
					205704A6278CD99B00B8F00E = {
						CreatedOnToolsVersion = 12.4;
					};
					205704B8278CD99E00B8F00E = {
						CreatedOnToolsVersion = 12.4;
						TestTargetID = 205704A6278CD99B00B8F00E;
					};
					205704C3278CD99E00B8F00E = {
						CreatedOnToolsVersion = 12.4;
						TestTargetID = 205704A6278CD99B00B8F00E;
					};
				};
			};
			buildConfigurationList = 205704A2278CD99B00B8F00E /* Build configuration list for PBXProject "TestProject" */;
			compatibilityVersion = "Xcode 9.3";
			developmentRegion = en;
			hasScannedForEncodings = 0;
			knownRegions = (
				en,
				Base,
			);
			mainGroup = 2057049E278CD99B00B8F00E;
			productRefGroup = 205704A8278CD99B00B8F00E /* Products */;
			projectDirPath = "";
			projectRoot = "";
			targets = (
				205704A6278CD99B00B8F00E /* TestProject */,
				205704B8278CD99E00B8F00E /* TestProjectTests */,
				205704C3278CD99E00B8F00E /* TestProjectUITests */,
			);
		};
/* End PBXProject section */

/* Begin PBXResourcesBuildPhase section */
		205704A5278CD99B00B8F00E /* Resources */ = {
			isa = PBXResourcesBuildPhase;
			buildActionMask = 2147483647;
			files = (
				205704AF278CD99E00B8F00E /* Assets.xcassets in Resources */,
				205704B2278CD99E00B8F00E /* Main.storyboard in Resources */,
			);
			runOnlyForDeploymentPostprocessing = 0;
		};
		205704B7278CD99E00B8F00E /* Resources */ = {
			isa = PBXResourcesBuildPhase;
			buildActionMask = 2147483647;
			files = (
			);
			runOnlyForDeploymentPostprocessing = 0;
		};
		205704C2278CD99E00B8F00E /* Resources */ = {
			isa = PBXResourcesBuildPhase;
			buildActionMask = 2147483647;
			files = (
			);
			runOnlyForDeploymentPostprocessing = 0;
		};
/* End PBXResourcesBuildPhase section */

/* Begin PBXSourcesBuildPhase section */
		205704A3278CD99B00B8F00E /* Sources */ = {
			isa = PBXSourcesBuildPhase;
			buildActionMask = 2147483647;
			files = (
				205704AD278CD99B00B8F00E /* ViewController.swift in Sources */,
				205704AB278CD99B00B8F00E /* AppDelegate.swift in Sources */,
			);
			runOnlyForDeploymentPostprocessing = 0;
		};
		205704B5278CD99E00B8F00E /* Sources */ = {
			isa = PBXSourcesBuildPhase;
			buildActionMask = 2147483647;
			files = (
				205704BE278CD99E00B8F00E /* TestProjectTests.swift in Sources */,
			);
			runOnlyForDeploymentPostprocessing = 0;
		};
		205704C0278CD99E00B8F00E /* Sources */ = {
			isa = PBXSourcesBuildPhase;
			buildActionMask = 2147483647;
			files = (
				205704C9278CD99E00B8F00E /* TestProjectUITests.swift in Sources */,
			);
			runOnlyForDeploymentPostprocessing = 0;
		};
/* End PBXSourcesBuildPhase section */

/* Begin PBXTargetDependency section */
		205704BB278CD99E00B8F00E /* PBXTargetDependency */ = {
			isa = PBXTargetDependency;
			target = 205704A6278CD99B00B8F00E /* TestProject */;
			targetProxy = 205704BA278CD99E00B8F00E /* PBXContainerItemProxy */;
		};
		205704C6278CD99E00B8F00E /* PBXTargetDependency */ = {
			isa = PBXTargetDependency;
			target = 205704A6278CD99B00B8F00E /* TestProject */;
			targetProxy = 205704C5278CD99E00B8F00E /* PBXContainerItemProxy */;
		};
/* End PBXTargetDependency section */

/* Begin PBXVariantGroup section */
		205704B0278CD99E00B8F00E /* Main.storyboard */ = {
			isa = PBXVariantGroup;
			children = (
				205704B1278CD99E00B8F00E /* Base */,
			);
			name = Main.storyboard;
			sourceTree = "<group>";
		};
/* End PBXVariantGroup section */

/* Begin XCBuildConfiguration section */
		205704CB278CD99E00B8F00E /* Debug */ = {
			isa = XCBuildConfiguration;
			buildSettings = {
				ALWAYS_SEARCH_USER_PATHS = NO;
				CLANG_ANALYZER_NONNULL = YES;
				CLANG_ANALYZER_NUMBER_OBJECT_CONVERSION = YES_AGGRESSIVE;
				CLANG_CXX_LANGUAGE_STANDARD = "gnu++14";
				CLANG_CXX_LIBRARY = "libc++";
				CLANG_ENABLE_MODULES = YES;
				CLANG_ENABLE_OBJC_ARC = YES;
				CLANG_ENABLE_OBJC_WEAK = YES;
				CLANG_WARN_BLOCK_CAPTURE_AUTORELEASING = YES;
				CLANG_WARN_BOOL_CONVERSION = YES;
				CLANG_WARN_COMMA = YES;
				CLANG_WARN_CONSTANT_CONVERSION = YES;
				CLANG_WARN_DEPRECATED_OBJC_IMPLEMENTATIONS = YES;
				CLANG_WARN_DIRECT_OBJC_ISA_USAGE = YES_ERROR;
				CLANG_WARN_DOCUMENTATION_COMMENTS = YES;
				CLANG_WARN_EMPTY_BODY = YES;
				CLANG_WARN_ENUM_CONVERSION = YES;
				CLANG_WARN_INFINITE_RECURSION = YES;
				CLANG_WARN_INT_CONVERSION = YES;
				CLANG_WARN_NON_LITERAL_NULL_CONVERSION = YES;
				CLANG_WARN_OBJC_IMPLICIT_RETAIN_SELF = YES;
				CLANG_WARN_OBJC_LITERAL_CONVERSION = YES;
				CLANG_WARN_OBJC_ROOT_CLASS = YES_ERROR;
				CLANG_WARN_QUOTED_INCLUDE_IN_FRAMEWORK_HEADER = YES;
				CLANG_WARN_RANGE_LOOP_ANALYSIS = YES;
				CLANG_WARN_STRICT_PROTOTYPES = YES;
				CLANG_WARN_SUSPICIOUS_MOVE = YES;
				CLANG_WARN_UNGUARDED_AVAILABILITY = YES_AGGRESSIVE;
				CLANG_WARN_UNREACHABLE_CODE = YES;
				CLANG_WARN__DUPLICATE_METHOD_MATCH = YES;
				COPY_PHASE_STRIP = NO;
				DEBUG_INFORMATION_FORMAT = dwarf;
				ENABLE_STRICT_OBJC_MSGSEND = YES;
				ENABLE_TESTABILITY = YES;
				GCC_C_LANGUAGE_STANDARD = gnu11;
				GCC_DYNAMIC_NO_PIC = NO;
				GCC_NO_COMMON_BLOCKS = YES;
				GCC_OPTIMIZATION_LEVEL = 0;
				GCC_PREPROCESSOR_DEFINITIONS = (
					"DEBUG=1",
					"$(inherited)",
				);
				GCC_WARN_64_TO_32_BIT_CONVERSION = YES;
				GCC_WARN_ABOUT_RETURN_TYPE = YES_ERROR;
				GCC_WARN_UNDECLARED_SELECTOR = YES;
				GCC_WARN_UNINITIALIZED_AUTOS = YES_AGGRESSIVE;
				GCC_WARN_UNUSED_FUNCTION = YES;
				GCC_WARN_UNUSED_VARIABLE = YES;
				MACOSX_DEPLOYMENT_TARGET = 10.15;
				MTL_ENABLE_DEBUG_INFO = INCLUDE_SOURCE;
				MTL_FAST_MATH = YES;
				ONLY_ACTIVE_ARCH = YES;
				SDKROOT = macosx;
				SWIFT_ACTIVE_COMPILATION_CONDITIONS = DEBUG;
				SWIFT_OPTIMIZATION_LEVEL = "-Onone";
			};
			name = Debug;
		};
		205704CC278CD99E00B8F00E /* Release */ = {
			isa = XCBuildConfiguration;
			buildSettings = {
				ALWAYS_SEARCH_USER_PATHS = NO;
				CLANG_ANALYZER_NONNULL = YES;
				CLANG_ANALYZER_NUMBER_OBJECT_CONVERSION = YES_AGGRESSIVE;
				CLANG_CXX_LANGUAGE_STANDARD = "gnu++14";
				CLANG_CXX_LIBRARY = "libc++";
				CLANG_ENABLE_MODULES = YES;
				CLANG_ENABLE_OBJC_ARC = YES;
				CLANG_ENABLE_OBJC_WEAK = YES;
				CLANG_WARN_BLOCK_CAPTURE_AUTORELEASING = YES;
				CLANG_WARN_BOOL_CONVERSION = YES;
				CLANG_WARN_COMMA = YES;
				CLANG_WARN_CONSTANT_CONVERSION = YES;
				CLANG_WARN_DEPRECATED_OBJC_IMPLEMENTATIONS = YES;
				CLANG_WARN_DIRECT_OBJC_ISA_USAGE = YES_ERROR;
				CLANG_WARN_DOCUMENTATION_COMMENTS = YES;
				CLANG_WARN_EMPTY_BODY = YES;
				CLANG_WARN_ENUM_CONVERSION = YES;
				CLANG_WARN_INFINITE_RECURSION = YES;
				CLANG_WARN_INT_CONVERSION = YES;
				CLANG_WARN_NON_LITERAL_NULL_CONVERSION = YES;
				CLANG_WARN_OBJC_IMPLICIT_RETAIN_SELF = YES;
				CLANG_WARN_OBJC_LITERAL_CONVERSION = YES;
				CLANG_WARN_OBJC_ROOT_CLASS = YES_ERROR;
				CLANG_WARN_QUOTED_INCLUDE_IN_FRAMEWORK_HEADER = YES;
				CLANG_WARN_RANGE_LOOP_ANALYSIS = YES;
				CLANG_WARN_STRICT_PROTOTYPES = YES;
				CLANG_WARN_SUSPICIOUS_MOVE = YES;
				CLANG_WARN_UNGUARDED_AVAILABILITY = YES_AGGRESSIVE;
				CLANG_WARN_UNREACHABLE_CODE = YES;
				CLANG_WARN__DUPLICATE_METHOD_MATCH = YES;
				COPY_PHASE_STRIP = NO;
				DEBUG_INFORMATION_FORMAT = "dwarf-with-dsym";
				ENABLE_NS_ASSERTIONS = NO;
				ENABLE_STRICT_OBJC_MSGSEND = YES;
				GCC_C_LANGUAGE_STANDARD = gnu11;
				GCC_NO_COMMON_BLOCKS = YES;
				GCC_WARN_64_TO_32_BIT_CONVERSION = YES;
				GCC_WARN_ABOUT_RETURN_TYPE = YES_ERROR;
				GCC_WARN_UNDECLARED_SELECTOR = YES;
				GCC_WARN_UNINITIALIZED_AUTOS = YES_AGGRESSIVE;
				GCC_WARN_UNUSED_FUNCTION = YES;
				GCC_WARN_UNUSED_VARIABLE = YES;
				MACOSX_DEPLOYMENT_TARGET = 10.15;
				MTL_ENABLE_DEBUG_INFO = NO;
				MTL_FAST_MATH = YES;
				SDKROOT = macosx;
				SWIFT_COMPILATION_MODE = wholemodule;
				SWIFT_OPTIMIZATION_LEVEL = "-O";
			};
			name = Release;
		};
		205704CE278CD99E00B8F00E /* Debug */ = {
			isa = XCBuildConfiguration;
			buildSettings = {
				ASSETCATALOG_COMPILER_APPICON_NAME = AppIcon;
				ASSETCATALOG_COMPILER_GLOBAL_ACCENT_COLOR_NAME = AccentColor;
				CODE_SIGN_ENTITLEMENTS = TestProject/TestProject.entitlements;
				CODE_SIGN_STYLE = Automatic;
				COMBINE_HIDPI_IMAGES = YES;
				INFOPLIST_FILE = TestProject/Info.plist;
				LD_RUNPATH_SEARCH_PATHS = (
					"$(inherited)",
					"@executable_path/../Frameworks",
				);
				PRODUCT_BUNDLE_IDENTIFIER = com.dylansewell.ios.TestProject;
				PRODUCT_NAME = "$(TARGET_NAME)";
				SWIFT_VERSION = 5.0;
			};
			name = Debug;
		};
		205704CF278CD99E00B8F00E /* Release */ = {
			isa = XCBuildConfiguration;
			buildSettings = {
				ASSETCATALOG_COMPILER_APPICON_NAME = AppIcon;
				ASSETCATALOG_COMPILER_GLOBAL_ACCENT_COLOR_NAME = AccentColor;
				CODE_SIGN_ENTITLEMENTS = TestProject/TestProject.entitlements;
				CODE_SIGN_STYLE = Automatic;
				COMBINE_HIDPI_IMAGES = YES;
				INFOPLIST_FILE = TestProject/Info.plist;
				LD_RUNPATH_SEARCH_PATHS = (
					"$(inherited)",
					"@executable_path/../Frameworks",
				);
				PRODUCT_BUNDLE_IDENTIFIER = com.dylansewell.ios.TestProject;
				PRODUCT_NAME = "$(TARGET_NAME)";
				SWIFT_VERSION = 5.0;
			};
			name = Release;
		};
		205704D1278CD99E00B8F00E /* Debug */ = {
			isa = XCBuildConfiguration;
			buildSettings = {
				ALWAYS_EMBED_SWIFT_STANDARD_LIBRARIES = YES;
				BUNDLE_LOADER = "$(TEST_HOST)";
				CODE_SIGN_STYLE = Automatic;
				COMBINE_HIDPI_IMAGES = YES;
				INFOPLIST_FILE = TestProjectTests/Info.plist;
				LD_RUNPATH_SEARCH_PATHS = (
					"$(inherited)",
					"@executable_path/../Frameworks",
					"@loader_path/../Frameworks",
				);
				MACOSX_DEPLOYMENT_TARGET = 10.15;
				PRODUCT_BUNDLE_IDENTIFIER = com.dylansewell.ios.TestProjectTests;
				PRODUCT_NAME = "$(TARGET_NAME)";
				SWIFT_VERSION = 5.0;
				TEST_HOST = "$(BUILT_PRODUCTS_DIR)/TestProject.app/Contents/MacOS/TestProject";
			};
			name = Debug;
		};
		205704D2278CD99E00B8F00E /* Release */ = {
			isa = XCBuildConfiguration;
			buildSettings = {
				ALWAYS_EMBED_SWIFT_STANDARD_LIBRARIES = YES;
				BUNDLE_LOADER = "$(TEST_HOST)";
				CODE_SIGN_STYLE = Automatic;
				COMBINE_HIDPI_IMAGES = YES;
				INFOPLIST_FILE = TestProjectTests/Info.plist;
				LD_RUNPATH_SEARCH_PATHS = (
					"$(inherited)",
					"@executable_path/../Frameworks",
					"@loader_path/../Frameworks",
				);
				MACOSX_DEPLOYMENT_TARGET = 10.15;
				PRODUCT_BUNDLE_IDENTIFIER = com.dylansewell.ios.TestProjectTests;
				PRODUCT_NAME = "$(TARGET_NAME)";
				SWIFT_VERSION = 5.0;
				TEST_HOST = "$(BUILT_PRODUCTS_DIR)/TestProject.app/Contents/MacOS/TestProject";
			};
			name = Release;
		};
		205704D4278CD99E00B8F00E /* Debug */ = {
			isa = XCBuildConfiguration;
			buildSettings = {
				ALWAYS_EMBED_SWIFT_STANDARD_LIBRARIES = YES;
				CODE_SIGN_STYLE = Automatic;
				COMBINE_HIDPI_IMAGES = YES;
				INFOPLIST_FILE = TestProjectUITests/Info.plist;
				LD_RUNPATH_SEARCH_PATHS = (
					"$(inherited)",
					"@executable_path/../Frameworks",
					"@loader_path/../Frameworks",
				);
				PRODUCT_BUNDLE_IDENTIFIER = com.dylansewell.ios.TestProjectUITests;
				PRODUCT_NAME = "$(TARGET_NAME)";
				SWIFT_VERSION = 5.0;
				TEST_TARGET_NAME = TestProject;
			};
			name = Debug;
		};
		205704D5278CD99E00B8F00E /* Release */ = {
			isa = XCBuildConfiguration;
			buildSettings = {
				ALWAYS_EMBED_SWIFT_STANDARD_LIBRARIES = YES;
				CODE_SIGN_STYLE = Automatic;
				COMBINE_HIDPI_IMAGES = YES;
				INFOPLIST_FILE = TestProjectUITests/Info.plist;
				LD_RUNPATH_SEARCH_PATHS = (
					"$(inherited)",
					"@executable_path/../Frameworks",
					"@loader_path/../Frameworks",
				);
				PRODUCT_BUNDLE_IDENTIFIER = com.dylansewell.ios.TestProjectUITests;
				PRODUCT_NAME = "$(TARGET_NAME)";
				SWIFT_VERSION = 5.0;
				TEST_TARGET_NAME = TestProject;
			};
			name = Release;
		};
/* End XCBuildConfiguration section */

/* Begin XCConfigurationList section */
		205704A2278CD99B00B8F00E /* Build configuration list for PBXProject "TestProject" */ = {
			isa = XCConfigurationList;
			buildConfigurations = (
				205704CB278CD99E00B8F00E /* Debug */,
				205704CC278CD99E00B8F00E /* Release */,
			);
			defaultConfigurationIsVisible = 0;
			defaultConfigurationName = Release;
		};
		205704CD278CD99E00B8F00E /* Build configuration list for PBXNativeTarget "TestProject" */ = {
			isa = XCConfigurationList;
			buildConfigurations = (
				205704CE278CD99E00B8F00E /* Debug */,
				205704CF278CD99E00B8F00E /* Release */,
			);
			defaultConfigurationIsVisible = 0;
			defaultConfigurationName = Release;
		};
		205704D0278CD99E00B8F00E /* Build configuration list for PBXNativeTarget "TestProjectTests" */ = {
			isa = XCConfigurationList;
			buildConfigurations = (
				205704D1278CD99E00B8F00E /* Debug */,
				205704D2278CD99E00B8F00E /* Release */,
			);
			defaultConfigurationIsVisible = 0;
			defaultConfigurationName = Release;
		};
		205704D3278CD99E00B8F00E /* Build configuration list for PBXNativeTarget "TestProjectUITests" */ = {
			isa = XCConfigurationList;
			buildConfigurations = (
				205704D4278CD99E00B8F00E /* Debug */,
				205704D5278CD99E00B8F00E /* Release */,
			);
			defaultConfigurationIsVisible = 0;
			defaultConfigurationName = Release;
		};
/* End XCConfigurationList section */
	};
	rootObject = 2057049F278CD99B00B8F00E /* Project object */;
}
